Microsoft Visual Studio Solution File, Format Version 12.00
# Visual Studio Version 17
VisualStudioVersion = 17.5.2.0
MinimumVisualStudioVersion = 10.0.40219.1
Project("{FAE04EC0-301F-11D3-BF4B-00C04F79EFBC}") = "EchoServer_Multi", "EchoServer_Multi.csproj", "{345CAC74-7FA4-A66A-230C-E14A369C7F9F}"
EndProject
Global
	GlobalSection(SolutionConfigurationPlatforms) = preSolution
		Debug|Any CPU = Debug|Any CPU
		Release|Any CPU = Release|Any CPU
	EndGlobalSection
	GlobalSection(ProjectConfigurationPlatforms) = postSolution
		{345CAC74-7FA4-A66A-230C-E14A369C7F9F}.Debug|Any CPU.ActiveCfg = Debug|Any CPU
		{345CAC74-7FA4-A66A-230C-E14A369C7F9F}.Debug|Any CPU.Build.0 = Debug|Any CPU
		{345CAC74-7FA4-A66A-230C-E14A369C7F9F}.Release|Any CPU.ActiveCfg = Release|Any CPU
		{345CAC74-7FA4-A66A-230C-E14A369C7F9F}.Release|Any CPU.Build.0 = Release|Any CPU
	EndGlobalSection
	GlobalSection(SolutionProperties) = preSolution
		HideSolutionNode = FALSE
	EndGlobalSection
	GlobalSection(ExtensibilityGlobals) = postSolution
		SolutionGuid = {715057B3-0E06-4C2E-8D7D-0C93C51FBF5C}
	EndGlobalSection
EndGlobal
